PODS:
  - ApplePayStubs (0.1.4)
  - Bolts (1.1.4)
  - Parse (1.6.4):
    - Bolts (~> 1.1)

DEPENDENCIES:
  - ApplePayStubs
  - Parse

SPEC CHECKSUMS:
  ApplePayStubs: 09178734db2fc35cf71eb53d0ba5c9ca94f92e27
  Bolts: dd9fb8433d67f5acc3b6b4d1379bbc5513d716c1
  Parse: c2610f7a12ad0defc974803b819c4efe7746e6db

COCOAPODS: 0.35.0
